
Microsoft Visual Studio Solution File, Format Version 12.00
# Visual Studio Version 17
VisualStudioVersion = 17.10.34928.147
MinimumVisualStudioVersion = 10.0.40219.1
Project("{FAE04EC0-301F-11D3-BF4B-00C04F79EFBC}") = "OOP1", "OOP1\OOP1.csproj", "{A58BCA07-F02D-4E0D-A96E-9BA14B543AFB}"
EndProject
Global
	GlobalSection(SolutionConfigurationPlatforms) = preSolution
		Debug|Any CPU = Debug|Any CPU
		Release|Any CPU = Release|Any CPU
	EndGlobalSection
	GlobalSection(ProjectConfigurationPlatforms) = postSolution
		{A58BCA07-F02D-4E0D-A96E-9BA14B543AFB}.Debug|Any CPU.ActiveCfg = Debug|Any CPU
		{A58BCA07-F02D-4E0D-A96E-9BA14B543AFB}.Debug|Any CPU.Build.0 = Debug|Any CPU
		{A58BCA07-F02D-4E0D-A96E-9BA14B543AFB}.Release|Any CPU.ActiveCfg = Release|Any CPU
		{A58BCA07-F02D-4E0D-A96E-9BA14B543AFB}.Release|Any CPU.Build.0 = Release|Any CPU
	EndGlobalSection
	GlobalSection(SolutionProperties) = preSolution
		HideSolutionNode = FALSE
	EndGlobalSection
	GlobalSection(ExtensibilityGlobals) = postSolution
		SolutionGuid = {17E5811A-8CFE-4A08-AAEE-39B2A9A9B3E6}
	EndGlobalSection
EndGlobal
